
Microsoft Visual Studio Solution File, Format Version 12.00
# Visual Studio Version 17
VisualStudioVersion = 17.14.36616.10 d17.14
MinimumVisualStudioVersion = 10.0.40219.1
Project("{FAE04EC0-301F-11D3-BF4B-00C04F79EFBC}") = "Laborator2", "Laborator2\Laborator2.csproj", "{83533BA1-208E-4E70-9E78-79E93C0E4038}"
EndProject
Global
	GlobalSection(SolutionConfigurationPlatforms) = preSolution
		Debug|Any CPU = Debug|Any CPU
		Release|Any CPU = Release|Any CPU
	EndGlobalSection
	GlobalSection(ProjectConfigurationPlatforms) = postSolution
		{83533BA1-208E-4E70-9E78-79E93C0E4038}.Debug|Any CPU.ActiveCfg = Debug|Any CPU
		{83533BA1-208E-4E70-9E78-79E93C0E4038}.Debug|Any CPU.Build.0 = Debug|Any CPU
		{83533BA1-208E-4E70-9E78-79E93C0E4038}.Release|Any CPU.ActiveCfg = Release|Any CPU
		{83533BA1-208E-4E70-9E78-79E93C0E4038}.Release|Any CPU.Build.0 = Release|Any CPU
	EndGlobalSection
	GlobalSection(SolutionProperties) = preSolution
		HideSolutionNode = FALSE
	EndGlobalSection
	GlobalSection(ExtensibilityGlobals) = postSolution
		SolutionGuid = {0B3D0879-B37E-49F0-B5C5-1A9DC7F1DF80}
	EndGlobalSection
EndGlobal
