
Microsoft Visual Studio Solution File, Format Version 12.00
# Visual Studio Version 17
VisualStudioVersion = 17.14.36811.4 d17.14
MinimumVisualStudioVersion = 10.0.40219.1
Project("{FAE04EC0-301F-11D3-BF4B-00C04F79EFBC}") = "HexViewer", "HexViewer\HexViewer.csproj", "{0C5260EA-7E02-49A1-A9D4-2D88CD860A44}"
EndProject
Global
	GlobalSection(SolutionConfigurationPlatforms) = preSolution
		Debug|Any CPU = Debug|Any CPU
		Release|Any CPU = Release|Any CPU
	EndGlobalSection
	GlobalSection(ProjectConfigurationPlatforms) = postSolution
		{0C5260EA-7E02-49A1-A9D4-2D88CD860A44}.Debug|Any CPU.ActiveCfg = Debug|Any CPU
		{0C5260EA-7E02-49A1-A9D4-2D88CD860A44}.Debug|Any CPU.Build.0 = Debug|Any CPU
		{0C5260EA-7E02-49A1-A9D4-2D88CD860A44}.Release|Any CPU.ActiveCfg = Release|Any CPU
		{0C5260EA-7E02-49A1-A9D4-2D88CD860A44}.Release|Any CPU.Build.0 = Release|Any CPU
	EndGlobalSection
	GlobalSection(SolutionProperties) = preSolution
		HideSolutionNode = FALSE
	EndGlobalSection
	GlobalSection(ExtensibilityGlobals) = postSolution
		SolutionGuid = {FC3E7C40-E92D-4C0D-B424-6A00313B4672}
	EndGlobalSection
EndGlobal
