
Microsoft Visual Studio Solution File, Format Version 12.00
# Visual Studio Version 17
VisualStudioVersion = 17.14.36811.4 d17.14
MinimumVisualStudioVersion = 10.0.40219.1
Project("{FAE04EC0-301F-11D3-BF4B-00C04F79EFBC}") = "Lab3", "Lab3\Lab3.csproj", "{09C2DEB7-041C-4714-A37F-2F22566CC05A}"
EndProject
Global
	GlobalSection(SolutionConfigurationPlatforms) = preSolution
		Debug|Any CPU = Debug|Any CPU
		Release|Any CPU = Release|Any CPU
	EndGlobalSection
	GlobalSection(ProjectConfigurationPlatforms) = postSolution
		{09C2DEB7-041C-4714-A37F-2F22566CC05A}.Debug|Any CPU.ActiveCfg = Debug|Any CPU
		{09C2DEB7-041C-4714-A37F-2F22566CC05A}.Debug|Any CPU.Build.0 = Debug|Any CPU
		{09C2DEB7-041C-4714-A37F-2F22566CC05A}.Release|Any CPU.ActiveCfg = Release|Any CPU
		{09C2DEB7-041C-4714-A37F-2F22566CC05A}.Release|Any CPU.Build.0 = Release|Any CPU
	EndGlobalSection
	GlobalSection(SolutionProperties) = preSolution
		HideSolutionNode = FALSE
	EndGlobalSection
	GlobalSection(ExtensibilityGlobals) = postSolution
		SolutionGuid = {075EC62E-3E0B-4094-836A-CE6C912AA65A}
	EndGlobalSection
EndGlobal
